
Microsoft Visual Studio Solution File, Format Version 11.00
# Visual Studio 2010
Project("{FAE04EC0-301F-11D3-BF4B-00C04F79EFBC}") = "Online Doctor", "Online Doctor\Online Doctor.csproj", "{95306C2A-A288-4A11-906E-36B51601E0DD}"
EndProject
Global
	GlobalSection(SolutionConfigurationPlatforms) = preSolution
		Debug|Any CPU = Debug|Any CPU
		Release|Any CPU = Release|Any CPU
	EndGlobalSection
	GlobalSection(ProjectConfigurationPlatforms) = postSolution
		{95306C2A-A288-4A11-906E-36B51601E0DD}.Debug|Any CPU.ActiveCfg = Debug|Any CPU
		{95306C2A-A288-4A11-906E-36B51601E0DD}.Debug|Any CPU.Build.0 = Debug|Any CPU
		{95306C2A-A288-4A11-906E-36B51601E0DD}.Release|Any CPU.ActiveCfg = Release|Any CPU
		{95306C2A-A288-4A11-906E-36B51601E0DD}.Release|Any CPU.Build.0 = Release|Any CPU
	EndGlobalSection
	GlobalSection(SolutionProperties) = preSolution
		HideSolutionNode = FALSE
	EndGlobalSection
EndGlobal
